
Microsoft Visual Studio Solution File, Format Version 12.00
# Visual Studio Version 16
VisualStudioVersion = 16.0.30503.244
MinimumVisualStudioVersion = 10.0.40219.1
Project("{FAE04EC0-301F-11D3-BF4B-00C04F79EFBC}") = "Bank", "Bank\Bank.csproj", "{773DF954-D3AE-4366-9C9B-E8F57C571BBD}"
EndProject
Project("{FAE04EC0-301F-11D3-BF4B-00C04F79EFBC}") = "Bank_Data", "Bank_Data\Bank_Data.csproj", "{61C1B605-1ADB-49A0-AC88-9964CB734458}"
EndProject
Project("{FAE04EC0-301F-11D3-BF4B-00C04F79EFBC}") = "Bank_Business", "Bank_Business\Bank_Business.csproj", "{18D5A5AC-8447-4A26-8F9F-85206ED0A555}"
EndProject
Global
	GlobalSection(SolutionConfigurationPlatforms) = preSolution
		Debug|Any CPU = Debug|Any CPU
		Release|Any CPU = Release|Any CPU
	EndGlobalSection
	GlobalSection(ProjectConfigurationPlatforms) = postSolution
		{773DF954-D3AE-4366-9C9B-E8F57C571BBD}.Debug|Any CPU.ActiveCfg = Debug|Any CPU
		{773DF954-D3AE-4366-9C9B-E8F57C571BBD}.Debug|Any CPU.Build.0 = Debug|Any CPU
		{773DF954-D3AE-4366-9C9B-E8F57C571BBD}.Release|Any CPU.ActiveCfg = Release|Any CPU
		{773DF954-D3AE-4366-9C9B-E8F57C571BBD}.Release|Any CPU.Build.0 = Release|Any CPU
		{61C1B605-1ADB-49A0-AC88-9964CB734458}.Debug|Any CPU.ActiveCfg = Debug|Any CPU
		{61C1B605-1ADB-49A0-AC88-9964CB734458}.Debug|Any CPU.Build.0 = Debug|Any CPU
		{61C1B605-1ADB-49A0-AC88-9964CB734458}.Release|Any CPU.ActiveCfg = Release|Any CPU
		{61C1B605-1ADB-49A0-AC88-9964CB734458}.Release|Any CPU.Build.0 = Release|Any CPU
		{18D5A5AC-8447-4A26-8F9F-85206ED0A555}.Debug|Any CPU.ActiveCfg = Debug|Any CPU
		{18D5A5AC-8447-4A26-8F9F-85206ED0A555}.Debug|Any CPU.Build.0 = Debug|Any CPU
		{18D5A5AC-8447-4A26-8F9F-85206ED0A555}.Release|Any CPU.ActiveCfg = Release|Any CPU
		{18D5A5AC-8447-4A26-8F9F-85206ED0A555}.Release|Any CPU.Build.0 = Release|Any CPU
	EndGlobalSection
	GlobalSection(SolutionProperties) = preSolution
		HideSolutionNode = FALSE
	EndGlobalSection
	GlobalSection(ExtensibilityGlobals) = postSolution
		SolutionGuid = {74A907B2-D2E7-43DA-9162-1F77AB67E59A}
	EndGlobalSection
EndGlobal
